Microsoft Visual Studio Solution File, Format Version 12.00
# Visual Studio Version 17
VisualStudioVersion = 17.5.2.0
MinimumVisualStudioVersion = 10.0.40219.1
Project("{FAE04EC0-301F-11D3-BF4B-00C04F79EFBC}") = "TransportSystem", "TransportSystem.csproj", "{B77561E2-7E38-E544-8CA4-F10882769D68}"
EndProject
Global
	GlobalSection(SolutionConfigurationPlatforms) = preSolution
		Debug|Any CPU = Debug|Any CPU
		Release|Any CPU = Release|Any CPU
	EndGlobalSection
	GlobalSection(ProjectConfigurationPlatforms) = postSolution
		{B77561E2-7E38-E544-8CA4-F10882769D68}.Debug|Any CPU.ActiveCfg = Debug|Any CPU
		{B77561E2-7E38-E544-8CA4-F10882769D68}.Debug|Any CPU.Build.0 = Debug|Any CPU
		{B77561E2-7E38-E544-8CA4-F10882769D68}.Release|Any CPU.ActiveCfg = Release|Any CPU
		{B77561E2-7E38-E544-8CA4-F10882769D68}.Release|Any CPU.Build.0 = Release|Any CPU
	EndGlobalSection
	GlobalSection(SolutionProperties) = preSolution
		HideSolutionNode = FALSE
	EndGlobalSection
	GlobalSection(ExtensibilityGlobals) = postSolution
		SolutionGuid = {38BA3502-C242-434C-B1B8-F360ECFCEA0D}
	EndGlobalSection
EndGlobal
